{
  "nodes": {
    "flake-utils": {
      "locked": {
        "lastModified": 1667077288,
        "narHash": "sha256-bdC8sFNDpT0HK74u9fUkpbf1MEzVYJ+ka7NXCdgBoaA=",
        "owner": "numtide",
        "repo": "flake-utils",
        "rev": "6ee9ebb6b1ee695d2cacc4faa053a7b9baa76817",
        "type": "github"
      },
      "original": {
        "owner": "numtide",
        "repo": "flake-utils",
        "type": "github"
      }
    },
    "kde-syntax-highlighting": {
      "flake": false,
      "locked": {
        "lastModified": 1674976906,
        "narHash": "sha256-xtzzQbBrKPWAwE+5a5dG4v65iv0nyJunQAJ0T1w26SY=",
        "owner": "KDE",
        "repo": "syntax-highlighting",
        "rev": "c89898d3c5da9f0d9dff6c199ecb5b2b3fe494e2",
        "type": "github"
      },
      "original": {
        "owner": "KDE",
        "repo": "syntax-highlighting",
        "type": "github"
      }
    },
    "livejs": {
      "flake": false,
      "locked": {
        "narHash": "sha256-7eV+s5WIMJs+HuwfvP0XcHDddJD85VH0ZP283RAQRXs=",
        "type": "file",
        "url": "https://gist.githubusercontent.com/thykka/9727654/raw/7cf3b3cace9b76c88acd5b54e49fbf5a28a575ec/live.js"
      },
      "original": {
        "type": "file",
        "url": "https://gist.githubusercontent.com/thykka/9727654/raw/7cf3b3cace9b76c88acd5b54e49fbf5a28a575ec/live.js"
      }
    },
    "nixpkgs": {
      "locked": {
        "lastModified": 0,
        "narHash": "sha256-SqUuBFjhl/kpDiVaKLQBoD8TLD+/cTUzzgVFoaHrkqY=",
        "path": "/nix/store/dgp9wmspgm6zhl66f0c81rvg3v7wwbsb-source",
        "type": "path"
      },
      "original": {
        "id": "nixpkgs",
        "type": "indirect"
      }
    },
    "nixss": {
      "inputs": {
        "flake-utils": [
          "flake-utils"
        ],
        "kde-syntax-highlighting": "kde-syntax-highlighting",
        "livejs": "livejs",
        "nixpkgs": [
          "nixpkgs"
        ]
      },
      "locked": {
        "lastModified": 1769877864,
        "narHash": "sha256-giGVLX1ji/fkM4IjdhrVEKqfV3njf7qdkBaw40vaWzs=",
        "ref": "refs/heads/main",
        "rev": "14cbe850babe2debf7f1e069b00a860c3e561850",
        "revCount": 9,
        "type": "git",
        "url": "https://codeberg.org/xlambein/nixss"
      },
      "original": {
        "type": "git",
        "url": "https://codeberg.org/xlambein/nixss"
      }
    },
    "root": {
      "inputs": {
        "flake-utils": "flake-utils",
        "nixpkgs": "nixpkgs",
        "nixss": "nixss"
      }
    }
  },
  "root": "root",
  "version": 7
}
