{
  "nodes": {
    "flake-utils": {
      "locked": {
        "lastModified": 1667077288,
        "narHash": "sha256-bdC8sFNDpT0HK74u9fUkpbf1MEzVYJ+ka7NXCdgBoaA=",
        "owner": "numtide",
        "repo": "flake-utils",
        "rev": "6ee9ebb6b1ee695d2cacc4faa053a7b9baa76817",
        "type": "github"
      },
      "original": {
        "owner": "numtide",
        "repo": "flake-utils",
        "type": "github"
      }
    },
    "kde-syntax-highlighting": {
      "flake": false,
      "locked": {
        "lastModified": 1674976906,
        "narHash": "sha256-xtzzQbBrKPWAwE+5a5dG4v65iv0nyJunQAJ0T1w26SY=",
        "owner": "KDE",
        "repo": "syntax-highlighting",
        "rev": "c89898d3c5da9f0d9dff6c199ecb5b2b3fe494e2",
        "type": "github"
      },
      "original": {
        "owner": "KDE",
        "repo": "syntax-highlighting",
        "type": "github"
      }
    },
    "livejs": {
      "flake": false,
      "locked": {
        "narHash": "sha256-7eV+s5WIMJs+HuwfvP0XcHDddJD85VH0ZP283RAQRXs=",
        "type": "file",
        "url": "https://gist.githubusercontent.com/thykka/9727654/raw/7cf3b3cace9b76c88acd5b54e49fbf5a28a575ec/live.js"
      },
      "original": {
        "type": "file",
        "url": "https://gist.githubusercontent.com/thykka/9727654/raw/7cf3b3cace9b76c88acd5b54e49fbf5a28a575ec/live.js"
      }
    },
    "nixpkgs": {
      "locked": {
        "lastModified": 1704295289,
        "narHash": "sha256-9WZDRfpMqCYL6g/HNWVvXF0hxdaAgwgIGeLYiOhmes8=",
        "path": "/nix/store/lgwgz45xgp04xspicd2xkkhb0krq5j2a-source",
        "rev": "b0b2c5445c64191fd8d0b31f2b1a34e45a64547d",
        "type": "path"
      },
      "original": {
        "id": "nixpkgs",
        "type": "indirect"
      }
    },
    "nixss": {
      "inputs": {
        "flake-utils": [
          "flake-utils"
        ],
        "kde-syntax-highlighting": "kde-syntax-highlighting",
        "livejs": "livejs",
        "nixpkgs": [
          "nixpkgs"
        ]
      },
      "locked": {
        "lastModified": 1705245927,
        "narHash": "sha256-PUXRS6BLAot+v3ukiH54lraX8TD39B3clBZdKu/xztg=",
        "ref": "refs/heads/main",
        "rev": "3c33a3d9abe593358397c6447cc2981074b1cf96",
        "revCount": 7,
        "type": "git",
        "url": "https://codeberg.org/xlambein/nixss"
      },
      "original": {
        "type": "git",
        "url": "https://codeberg.org/xlambein/nixss"
      }
    },
    "root": {
      "inputs": {
        "flake-utils": "flake-utils",
        "nixpkgs": "nixpkgs",
        "nixss": "nixss"
      }
    }
  },
  "root": "root",
  "version": 7
}
